{
  "name": "wlistfilter",
  "version": "1.0.0",
  "lockfileVersion": 3,
  "requires": true,
  "packages": {
    "": {
      "name": "wlistfilter",
      "version": "1.0.0",
      "license": "MIT",
      "dependencies": {
        "wlistfilter": "^1.0.0"
      }
    },
    "node_modules/wlistfilter": {
      "version": "1.0.0",
      "resolved": "https://registry.npmjs.org/wlistfilter/-/wlistfilter-1.0.0.tgz",
      "integrity": "sha512-Mji62CmboTB1A++qLq8W4Nejks0jWTkUeUvN+wPXlN1bW0rp915it3g20vOGb8tMSzO6/ALI2156DE4udoFlGw==",
      "license": "MIT"
    }
  }
}
